apiVersion: v0
kind: ImagesLock
metadata:
  generatedAt: "2026-08-18T08:15:44.149363268Z"
  generatedBy: SUSE LLC
chart:
  name: policy-reporter
  version: 3.9.1
  appVersion: 3.9.0
images:
  - name: policy-reporter
    image: dp.apps.rancher.io/containers/policy-reporter:3.9.0-11.3
    chart: policy-reporter
    digests:
      - digest: sha256:19d4e1d90ff91c3c72b44a85d3f14b555c769dd300e743a1cdab5222b5ce418e
        arch: linux/amd64
      - digest: sha256:f71781bc51115f2eff00ba61bb70b6de057da567577c8e06b17c43aad023ca87
        arch: linux/arm64
  - name: policy-reporter-kyverno-plugin
    image: dp.apps.rancher.io/containers/policy-reporter-kyverno-plugin:0.7.0-11.3
    chart: policy-reporter
    digests:
      - digest: sha256:ea2885d000affaaa4a47a765f05271c13ab250e2d7eb469db8c855af21fea884
        arch: linux/amd64
      - digest: sha256:c09a95e3dbf5d649464a989232ec92a62ce84ba3f99da3877787b2326e3f89db
        arch: linux/arm64
  - name: policy-reporter-trivy-plugin
    image: dp.apps.rancher.io/containers/policy-reporter-trivy-plugin:0.5.0-11.3
    chart: policy-reporter
    digests:
      - digest: sha256:d5d4c869455454d3a72ddd230d92451c6ca4ee7be4eba02874f07e0c9fcecf8a
        arch: linux/amd64
      - digest: sha256:84b7176b8879179b84062dff1cbc663864bb2b83fccb4c7033e75c3af9a4bbf0
        arch: linux/arm64
  - name: policy-reporter-ui
    image: dp.apps.rancher.io/containers/policy-reporter-ui:2.7.1-11.11
    chart: policy-reporter
    digests:
      - digest: sha256:e5bd0d5397726fb803589e3ee04ab513b854c474147bfa52271bbfe7760c7b24
        arch: linux/amd64
      - digest: sha256:f8eb30c8ef182634a1246256fe57c4fd4413f7dfe5afb192652323986f03c464
        arch: linux/arm64
  - name: trivy
    image: dp.apps.rancher.io/containers/trivy:0.74.0-16.4
    chart: policy-reporter
    digests:
      - digest: sha256:9433c23322c74470e71460a9ca689e65a08b64138de708c791c824b0192ef20f
        arch: linux/amd64
      - digest: sha256:78820c645ae20614de9cd194bfca8adeee4de4ce43940833d0a8390b03b4ee51
        arch: linux/arm64
